
Microsoft Visual Studio Solution File, Format Version 12.00
# Visual Studio 2012
Project("{8BC9CEB8-8B4A-11D0-8D11-00A0C91BC942}") = "NiSkeletonSample", "NiSkeletonSample\NiSkeletonSample.vcxproj", "{64152EF3-1B3B-4E4B-99B3-FF2D7D3684B4}"
EndProject
Global
	GlobalSection(SolutionConfigurationPlatforms) = preSolution
		Debug|Win32 = Debug|Win32
		Debug|x64 = Debug|x64
		Release|Win32 = Release|Win32
		Release|x64 = Release|x64
	EndGlobalSection
	GlobalSection(ProjectConfigurationPlatforms) = postSolution
		{64152EF3-1B3B-4E4B-99B3-FF2D7D3684B4}.Debug|Win32.ActiveCfg = Debug|Win32
		{64152EF3-1B3B-4E4B-99B3-FF2D7D3684B4}.Debug|Win32.Build.0 = Debug|Win32
		{64152EF3-1B3B-4E4B-99B3-FF2D7D3684B4}.Debug|x64.ActiveCfg = Debug|x64
		{64152EF3-1B3B-4E4B-99B3-FF2D7D3684B4}.Debug|x64.Build.0 = Debug|x64
		{64152EF3-1B3B-4E4B-99B3-FF2D7D3684B4}.Release|Win32.ActiveCfg = Release|Win32
		{64152EF3-1B3B-4E4B-99B3-FF2D7D3684B4}.Release|Win32.Build.0 = Release|Win32
		{64152EF3-1B3B-4E4B-99B3-FF2D7D3684B4}.Release|x64.ActiveCfg = Release|x64
		{64152EF3-1B3B-4E4B-99B3-FF2D7D3684B4}.Release|x64.Build.0 = Release|x64
	EndGlobalSection
	GlobalSection(SolutionProperties) = preSolution
		HideSolutionNode = FALSE
	EndGlobalSection
EndGlobal
